
Microsoft Visual Studio Solution File, Format Version 12.00
# Visual Studio Express 2012 for Windows Desktop
Project("{FAE04EC0-301F-11D3-BF4B-00C04F79EFBC}") = "RateCalculationSystem", "RateCalculationSystem\RateCalculationSystem.csproj", "{1F359CFF-AA2B-4A15-A9D3-2EF7F77BC47F}"
EndProject
Project("{FAE04EC0-301F-11D3-BF4B-00C04F79EFBC}") = "RateCalculationSystemTest", "RateCalculationSystemTest\RateCalculationSystemTest.csproj", "{2E36C6A9-E278-4D06-9AF8-30AA432B94E2}"
EndProject
Global
	GlobalSection(SolutionConfigurationPlatforms) = preSolution
		Debug|Any CPU = Debug|Any CPU
		Release|Any CPU = Release|Any CPU
	EndGlobalSection
	GlobalSection(ProjectConfigurationPlatforms) = postSolution
		{1F359CFF-AA2B-4A15-A9D3-2EF7F77BC47F}.Debug|Any CPU.ActiveCfg = Debug|Any CPU
		{1F359CFF-AA2B-4A15-A9D3-2EF7F77BC47F}.Debug|Any CPU.Build.0 = Debug|Any CPU
		{1F359CFF-AA2B-4A15-A9D3-2EF7F77BC47F}.Release|Any CPU.ActiveCfg = Release|Any CPU
		{1F359CFF-AA2B-4A15-A9D3-2EF7F77BC47F}.Release|Any CPU.Build.0 = Release|Any CPU
		{2E36C6A9-E278-4D06-9AF8-30AA432B94E2}.Debug|Any CPU.ActiveCfg = Debug|Any CPU
		{2E36C6A9-E278-4D06-9AF8-30AA432B94E2}.Debug|Any CPU.Build.0 = Debug|Any CPU
		{2E36C6A9-E278-4D06-9AF8-30AA432B94E2}.Release|Any CPU.ActiveCfg = Release|Any CPU
	EndGlobalSection
	GlobalSection(SolutionProperties) = preSolution
		HideSolutionNode = FALSE
	EndGlobalSection
EndGlobal
