
Microsoft Visual Studio Solution File, Format Version 12.00
# Visual Studio 14
VisualStudioVersion = 14.0.23107.0
MinimumVisualStudioVersion = 10.0.40219.1
Project("{FAE04EC0-301F-11D3-BF4B-00C04F79EFBC}") = "NumberStringConverter", "NumberStringConverter\NumberStringConverter.csproj", "{831C8A6D-213E-4EDA-8003-69D9620BA617}"
EndProject
Project("{FAE04EC0-301F-11D3-BF4B-00C04F79EFBC}") = "NumberStringConverterTests", "NumberStringConverterTests\NumberStringConverterTests.csproj", "{125B14E9-1551-4726-853E-8345DE741C2A}"
EndProject
Global
	GlobalSection(SolutionConfigurationPlatforms) = preSolution
		Debug|Any CPU = Debug|Any CPU
		Release|Any CPU = Release|Any CPU
	EndGlobalSection
	GlobalSection(ProjectConfigurationPlatforms) = postSolution
		{831C8A6D-213E-4EDA-8003-69D9620BA617}.Debug|Any CPU.ActiveCfg = Debug|Any CPU
		{831C8A6D-213E-4EDA-8003-69D9620BA617}.Debug|Any CPU.Build.0 = Debug|Any CPU
		{831C8A6D-213E-4EDA-8003-69D9620BA617}.Release|Any CPU.ActiveCfg = Release|Any CPU
		{831C8A6D-213E-4EDA-8003-69D9620BA617}.Release|Any CPU.Build.0 = Release|Any CPU
		{125B14E9-1551-4726-853E-8345DE741C2A}.Debug|Any CPU.ActiveCfg = Debug|Any CPU
		{125B14E9-1551-4726-853E-8345DE741C2A}.Debug|Any CPU.Build.0 = Debug|Any CPU
		{125B14E9-1551-4726-853E-8345DE741C2A}.Release|Any CPU.ActiveCfg = Release|Any CPU
		{125B14E9-1551-4726-853E-8345DE741C2A}.Release|Any CPU.Build.0 = Release|Any CPU
	EndGlobalSection
	GlobalSection(SolutionProperties) = preSolution
		HideSolutionNode = FALSE
	EndGlobalSection
EndGlobal
